
Microsoft Visual Studio Solution File, Format Version 12.00
Project("{FAE04EC0-301F-11D3-BF4B-00C04F79EFBC}") = "ChristiansOeCsProject", "ChristiansOeCsProject\ChristiansOeCsProject.csproj", "{73EE4BA1-63E3-4791-992D-1D44E2CBA622}"
EndProject
Global
	GlobalSection(SolutionConfigurationPlatforms) = preSolution
		Debug|Any CPU = Debug|Any CPU
		Release|Any CPU = Release|Any CPU
	EndGlobalSection
	GlobalSection(ProjectConfigurationPlatforms) = postSolution
		{73EE4BA1-63E3-4791-992D-1D44E2CBA622}.Debug|Any CPU.ActiveCfg = Debug|Any CPU
		{73EE4BA1-63E3-4791-992D-1D44E2CBA622}.Debug|Any CPU.Build.0 = Debug|Any CPU
		{73EE4BA1-63E3-4791-992D-1D44E2CBA622}.Release|Any CPU.ActiveCfg = Release|Any CPU
		{73EE4BA1-63E3-4791-992D-1D44E2CBA622}.Release|Any CPU.Build.0 = Release|Any CPU
	EndGlobalSection
EndGlobal
